
Microsoft Visual Studio Solution File, Format Version 12.00
# Visual Studio Version 17
VisualStudioVersion = 17.2.32505.173
MinimumVisualStudioVersion = 10.0.40219.1
Project("{54A90642-561A-4BB1-A94E-469ADEE60C69}") = "DigitalWareTest", "DigitalWareTest\DigitalWareTest.esproj", "{52FED916-A337-485A-9FDA-F472DDCCB913}"
EndProject
Project("{9A19103F-16F7-4668-BE54-9A1E7A4F7556}") = "DigitalWareTestAPI", "DigitalWareTestAPI\DigitalWareTestAPI.csproj", "{28EBCFFD-1B31-45B9-960A-C93A393C4BED}"
EndProject
Project("{2150E333-8FDC-42A3-9474-1A3956D46DE8}") = "FrontEnd", "FrontEnd", "{7A5BFE76-8128-4E55-A743-01C8EA0F30C1}"
EndProject
Project("{2150E333-8FDC-42A3-9474-1A3956D46DE8}") = "Backend", "Backend", "{FEC87C8B-7E12-4B4F-819E-814822D993B4}"
EndProject
Project("{2150E333-8FDC-42A3-9474-1A3956D46DE8}") = "APL", "APL", "{59C48065-9B2D-4549-BF5F-06D6E8FFDC6A}"
EndProject
Project("{2150E333-8FDC-42A3-9474-1A3956D46DE8}") = "Domain", "Domain", "{678D2FA7-EA26-434E-A003-8DAB6EEA2A0C}"
EndProject
Project("{2150E333-8FDC-42A3-9474-1A3956D46DE8}") = "Cross-Cutting", "Cross-Cutting", "{A3AFB953-D53F-4EFC-82EE-6A96D54A6313}"
EndProject
Project("{2150E333-8FDC-42A3-9474-1A3956D46DE8}") = "DAL", "DAL", "{F83BF2E0-E069-4458-A00D-7FECA945C454}"
EndProject
Project("{9A19103F-16F7-4668-BE54-9A1E7A4F7556}") = "DigitalWare.Cross-cutting", "DigitalWare.Cross-cutting\DigitalWare.Cross-cutting.csproj", "{E2A50782-4EB5-4EDF-BEEE-C8B173E39367}"
EndProject
Project("{9A19103F-16F7-4668-BE54-9A1E7A4F7556}") = "DigitalWare.Domain", "DigitalWare.Domain\DigitalWare.Domain.csproj", "{CD589557-6E9B-4116-9C61-BC008BBE535E}"
EndProject
Project("{9A19103F-16F7-4668-BE54-9A1E7A4F7556}") = "DigitalWare.DAL", "DigitalWare.DAL\DigitalWare.DAL.csproj", "{DD6AB2C2-2BF8-488B-AC03-039ED4752506}"
EndProject
Global
	GlobalSection(SolutionConfigurationPlatforms) = preSolution
		Debug|Any CPU = Debug|Any CPU
		Release|Any CPU = Release|Any CPU
	EndGlobalSection
	GlobalSection(ProjectConfigurationPlatforms) = postSolution
		{52FED916-A337-485A-9FDA-F472DDCCB913}.Debug|Any CPU.ActiveCfg = Debug|Any CPU
		{52FED916-A337-485A-9FDA-F472DDCCB913}.Debug|Any CPU.Build.0 = Debug|Any CPU
		{52FED916-A337-485A-9FDA-F472DDCCB913}.Debug|Any CPU.Deploy.0 = Debug|Any CPU
		{52FED916-A337-485A-9FDA-F472DDCCB913}.Release|Any CPU.ActiveCfg = Release|Any CPU
		{52FED916-A337-485A-9FDA-F472DDCCB913}.Release|Any CPU.Build.0 = Release|Any CPU
		{52FED916-A337-485A-9FDA-F472DDCCB913}.Release|Any CPU.Deploy.0 = Release|Any CPU
		{28EBCFFD-1B31-45B9-960A-C93A393C4BED}.Debug|Any CPU.ActiveCfg = Debug|Any CPU
		{28EBCFFD-1B31-45B9-960A-C93A393C4BED}.Debug|Any CPU.Build.0 = Debug|Any CPU
		{28EBCFFD-1B31-45B9-960A-C93A393C4BED}.Release|Any CPU.ActiveCfg = Release|Any CPU
		{28EBCFFD-1B31-45B9-960A-C93A393C4BED}.Release|Any CPU.Build.0 = Release|Any CPU
		{E2A50782-4EB5-4EDF-BEEE-C8B173E39367}.Debug|Any CPU.ActiveCfg = Debug|Any CPU
		{E2A50782-4EB5-4EDF-BEEE-C8B173E39367}.Debug|Any CPU.Build.0 = Debug|Any CPU
		{E2A50782-4EB5-4EDF-BEEE-C8B173E39367}.Release|Any CPU.ActiveCfg = Release|Any CPU
		{E2A50782-4EB5-4EDF-BEEE-C8B173E39367}.Release|Any CPU.Build.0 = Release|Any CPU
		{CD589557-6E9B-4116-9C61-BC008BBE535E}.Debug|Any CPU.ActiveCfg = Debug|Any CPU
		{CD589557-6E9B-4116-9C61-BC008BBE535E}.Debug|Any CPU.Build.0 = Debug|Any CPU
		{CD589557-6E9B-4116-9C61-BC008BBE535E}.Release|Any CPU.ActiveCfg = Release|Any CPU
		{CD589557-6E9B-4116-9C61-BC008BBE535E}.Release|Any CPU.Build.0 = Release|Any CPU
		{DD6AB2C2-2BF8-488B-AC03-039ED4752506}.Debug|Any CPU.ActiveCfg = Debug|Any CPU
		{DD6AB2C2-2BF8-488B-AC03-039ED4752506}.Debug|Any CPU.Build.0 = Debug|Any CPU
		{DD6AB2C2-2BF8-488B-AC03-039ED4752506}.Release|Any CPU.ActiveCfg = Release|Any CPU
		{DD6AB2C2-2BF8-488B-AC03-039ED4752506}.Release|Any CPU.Build.0 = Release|Any CPU
	EndGlobalSection
	GlobalSection(SolutionProperties) = preSolution
		HideSolutionNode = FALSE
	EndGlobalSection
	GlobalSection(NestedProjects) = preSolution
		{52FED916-A337-485A-9FDA-F472DDCCB913} = {7A5BFE76-8128-4E55-A743-01C8EA0F30C1}
		{28EBCFFD-1B31-45B9-960A-C93A393C4BED} = {59C48065-9B2D-4549-BF5F-06D6E8FFDC6A}
		{59C48065-9B2D-4549-BF5F-06D6E8FFDC6A} = {FEC87C8B-7E12-4B4F-819E-814822D993B4}
		{678D2FA7-EA26-434E-A003-8DAB6EEA2A0C} = {FEC87C8B-7E12-4B4F-819E-814822D993B4}
		{A3AFB953-D53F-4EFC-82EE-6A96D54A6313} = {FEC87C8B-7E12-4B4F-819E-814822D993B4}
		{F83BF2E0-E069-4458-A00D-7FECA945C454} = {FEC87C8B-7E12-4B4F-819E-814822D993B4}
		{E2A50782-4EB5-4EDF-BEEE-C8B173E39367} = {A3AFB953-D53F-4EFC-82EE-6A96D54A6313}
		{CD589557-6E9B-4116-9C61-BC008BBE535E} = {678D2FA7-EA26-434E-A003-8DAB6EEA2A0C}
		{DD6AB2C2-2BF8-488B-AC03-039ED4752506} = {F83BF2E0-E069-4458-A00D-7FECA945C454}
	EndGlobalSection
	GlobalSection(ExtensibilityGlobals) = postSolution
		SolutionGuid = {EDC22432-0C6E-493C-9BF3-930535D62CBD}
	EndGlobalSection
EndGlobal
